
Microsoft Visual Studio Solution File, Format Version 12.00
# Visual Studio Version 16
VisualStudioVersion = 16.0.29609.76
MinimumVisualStudioVersion = 10.0.40219.1
Project("{9A19103F-16F7-4668-BE54-9A1E7A4F7556}") = "fitnessTracker", "fitnessTracker\fitnessTracker.csproj", "{C0FDEB69-4655-4A88-9065-6EB340C79181}"
EndProject
Project("{9A19103F-16F7-4668-BE54-9A1E7A4F7556}") = "fitnessTracker.core", "fitnessTracker.core\fitnessTracker.core.csproj", "{7E2E87D8-E2EB-48B6-BFBD-F3D8102ACEB9}"
EndProject
Project("{9A19103F-16F7-4668-BE54-9A1E7A4F7556}") = "fitnessTracker.Data", "fitnessTracker.Data\fitnessTracker.Data.csproj", "{158CCC21-E704-48C3-B26B-3FD085F4B20F}"
EndProject
Project("{9A19103F-16F7-4668-BE54-9A1E7A4F7556}") = "FitnessTracking.Web", "FitnessTracking.Web\FitnessTracking.Web.csproj", "{406A0830-0328-4065-AC20-50A3E0BE28A0}"
EndProject
Project("{FAE04EC0-301F-11D3-BF4B-00C04F79EFBC}") = "FitnessTracker.Tests", "FitnessTracker.Tests\FitnessTracker.Tests.csproj", "{926CDD94-A704-4302-A880-BF6A38D00CF3}"
EndProject
Global
	GlobalSection(SolutionConfigurationPlatforms) = preSolution
		Debug|Any CPU = Debug|Any CPU
		Release|Any CPU = Release|Any CPU
	EndGlobalSection
	GlobalSection(ProjectConfigurationPlatforms) = postSolution
		{C0FDEB69-4655-4A88-9065-6EB340C79181}.Debug|Any CPU.ActiveCfg = Debug|Any CPU
		{C0FDEB69-4655-4A88-9065-6EB340C79181}.Debug|Any CPU.Build.0 = Debug|Any CPU
		{C0FDEB69-4655-4A88-9065-6EB340C79181}.Release|Any CPU.ActiveCfg = Release|Any CPU
		{C0FDEB69-4655-4A88-9065-6EB340C79181}.Release|Any CPU.Build.0 = Release|Any CPU
		{7E2E87D8-E2EB-48B6-BFBD-F3D8102ACEB9}.Debug|Any CPU.ActiveCfg = Debug|Any CPU
		{7E2E87D8-E2EB-48B6-BFBD-F3D8102ACEB9}.Debug|Any CPU.Build.0 = Debug|Any CPU
		{7E2E87D8-E2EB-48B6-BFBD-F3D8102ACEB9}.Release|Any CPU.ActiveCfg = Release|Any CPU
		{7E2E87D8-E2EB-48B6-BFBD-F3D8102ACEB9}.Release|Any CPU.Build.0 = Release|Any CPU
		{158CCC21-E704-48C3-B26B-3FD085F4B20F}.Debug|Any CPU.ActiveCfg = Debug|Any CPU
		{158CCC21-E704-48C3-B26B-3FD085F4B20F}.Debug|Any CPU.Build.0 = Debug|Any CPU
		{158CCC21-E704-48C3-B26B-3FD085F4B20F}.Release|Any CPU.ActiveCfg = Release|Any CPU
		{158CCC21-E704-48C3-B26B-3FD085F4B20F}.Release|Any CPU.Build.0 = Release|Any CPU
		{406A0830-0328-4065-AC20-50A3E0BE28A0}.Debug|Any CPU.ActiveCfg = Debug|Any CPU
		{406A0830-0328-4065-AC20-50A3E0BE28A0}.Debug|Any CPU.Build.0 = Debug|Any CPU
		{406A0830-0328-4065-AC20-50A3E0BE28A0}.Release|Any CPU.ActiveCfg = Release|Any CPU
		{406A0830-0328-4065-AC20-50A3E0BE28A0}.Release|Any CPU.Build.0 = Release|Any CPU
		{926CDD94-A704-4302-A880-BF6A38D00CF3}.Debug|Any CPU.ActiveCfg = Debug|Any CPU
		{926CDD94-A704-4302-A880-BF6A38D00CF3}.Debug|Any CPU.Build.0 = Debug|Any CPU
		{926CDD94-A704-4302-A880-BF6A38D00CF3}.Release|Any CPU.ActiveCfg = Release|Any CPU
		{926CDD94-A704-4302-A880-BF6A38D00CF3}.Release|Any CPU.Build.0 = Release|Any CPU
	EndGlobalSection
	GlobalSection(SolutionProperties) = preSolution
		HideSolutionNode = FALSE
	EndGlobalSection
	GlobalSection(ExtensibilityGlobals) = postSolution
		SolutionGuid = {3B1BF6C7-6D65-458C-8BA5-4C205605B218}
	EndGlobalSection
EndGlobal
